
Microsoft Visual Studio Solution File, Format Version 12.00
# Visual Studio Version 17
VisualStudioVersion = 17.4.33403.182
MinimumVisualStudioVersion = 10.0.40219.1
Project("{9A19103F-16F7-4668-BE54-9A1E7A4F7556}") = "TicketTracker2", "TicketTracker2.csproj", "{BCD1B428-C53C-4584-8781-C0AF57E38666}"
EndProject
Project("{2150E333-8FDC-42A3-9474-1A3956D46DE8}") = "Solution Items", "Solution Items", "{E8F45B1D-1EB6-4BDA-B615-AA0902093C7D}"
	ProjectSection(SolutionItems) = preProject
		.editorconfig = .editorconfig
	EndProjectSection
EndProject
Global
	GlobalSection(SolutionConfigurationPlatforms) = preSolution
		Debug|Any CPU = Debug|Any CPU
		Release|Any CPU = Release|Any CPU
	EndGlobalSection
	GlobalSection(ProjectConfigurationPlatforms) = postSolution
		{BCD1B428-C53C-4584-8781-C0AF57E38666}.Debug|Any CPU.ActiveCfg = Debug|Any CPU
		{BCD1B428-C53C-4584-8781-C0AF57E38666}.Debug|Any CPU.Build.0 = Debug|Any CPU
		{BCD1B428-C53C-4584-8781-C0AF57E38666}.Release|Any CPU.ActiveCfg = Release|Any CPU
		{BCD1B428-C53C-4584-8781-C0AF57E38666}.Release|Any CPU.Build.0 = Release|Any CPU
	EndGlobalSection
	GlobalSection(SolutionProperties) = preSolution
		HideSolutionNode = FALSE
	EndGlobalSection
	GlobalSection(ExtensibilityGlobals) = postSolution
		SolutionGuid = {25BDDCC1-65A4-427C-A57C-C3FB0D32C8BD}
	EndGlobalSection
EndGlobal
